# PythonAnywhere / Python 3.10. Docker uses requirements.lock.
alembic==1.20.0
aniso8601==10.0.1
blinker==1.9.0
certifi==2026.7.22
charset-normalizer==3.5.1
click==8.1.8
Flask==3.1.3
Flask-FlatPages==0.9.0
Flask-Migrate==4.1.0
Flask-RESTful==0.3.10
Flask-SQLAlchemy==3.1.1
Flask-WTF==1.3.0
gunicorn==23.0.0
idna==3.19
itsdangerous==2.2.0
Jinja2==3.1.6
Mako==1.4.1
Markdown==3.10.3
MarkupSafe==3.0.2
numpy==2.2.6
packaging==26.3
psycopg==3.3.5
psycopg-binary==3.3.5
Pygments==2.21.0
python-dotenv==1.0.1
python-frontmatter==1.3.0
pytz==2024.1
PyYAML==6.0.3
requests==2.34.2
six==1.17.0
SQLAlchemy==2.0.52
typing_extensions==4.16.0
urllib3==2.7.0
Werkzeug==3.1.3
WTForms==3.2.2

# Dependencies required on Python 3.10 / Linux.
greenlet==3.2.5
tomli==2.4.1
